// !$*UTF8*$!
{
	archiveVersion = 1;
	classes = {
	};
	objectVersion = 46;
	objects = {

/* Begin PBXBuildFile section */
		FE0EF9561C2C240C00B49547 /* ORmethods.cpp in Sources */ = {isa = PBXBuildFile; fileRef = FE0EF9551C2C240C00B49547 /* ORmethods.cpp */; };
		FE84653C1C23440D00274A19 /* main.cpp in Sources */ = {isa = PBXBuildFile; fileRef = FE84653B1C23440D00274A19 /* main.cpp */; };
/* End PBXBuildFile section */

/* Begin PBXCopyFilesBuildPhase section */
		FE8465361C23440D00274A19 /* CopyFiles */ = {
			isa = PBXCopyFilesBuildPhase;
			buildActionMask = 2147483647;
			dstPath = /usr/share/man/man1/;
			dstSubfolderSpec = 0;
			files = (
			);
			runOnlyForDeploymentPostprocessing = 1;
		};
/* End PBXCopyFilesBuildPhase section */

/* Begin PBXFileReference section */
		FE0EF9551C2C240C00B49547 /* ORmethods.cpp */ = {isa = PBXFileReference; fileEncoding = 4; lastKnownFileType = sourcecode.cpp.cpp; path = ORmethods.cpp; sourceTree = "<group>"; };
		FE8465381C23440D00274A19 /* Customer Detection */ = {isa = PBXFileReference; explicitFileType = "compiled.mach-o.executable"; includeInIndex = 0; path = "Customer Detection"; sourceTree = BUILT_PRODUCTS_DIR; };
		FE84653B1C23440D00274A19 /* main.cpp */ = {isa = PBXFileReference; lastKnownFileType = sourcecode.cpp.cpp; path = main.cpp; sourceTree = "<group>"; };
		FE8465421C234EE300274A19 /* this.dependencies.hpp */ = {isa = PBXFileReference; fileEncoding = 4; lastKnownFileType = sourcecode.cpp.h; path = this.dependencies.hpp; sourceTree = "<group>"; };
/* End PBXFileReference section */

/* Begin PBXFrameworksBuildPhase section */
		FE8465351C23440D00274A19 /* Frameworks */ = {
			isa = PBXFrameworksBuildPhase;
			buildActionMask = 2147483647;
			files = (
			);
			runOnlyForDeploymentPostprocessing = 0;
		};
/* End PBXFrameworksBuildPhase section */

/* Begin PBXGroup section */
		FE84652F1C23440D00274A19 = {
			isa = PBXGroup;
			children = (
				FE84653A1C23440D00274A19 /* Customer Detection */,
				FE8465391C23440D00274A19 /* Products */,
			);
			sourceTree = "<group>";
		};
		FE8465391C23440D00274A19 /* Products */ = {
			isa = PBXGroup;
			children = (
				FE8465381C23440D00274A19 /* Customer Detection */,
			);
			name = Products;
			sourceTree = "<group>";
		};
		FE84653A1C23440D00274A19 /* Customer Detection */ = {
			isa = PBXGroup;
			children = (
				FE84653B1C23440D00274A19 /* main.cpp */,
				FE8465421C234EE300274A19 /* this.dependencies.hpp */,
				FE0EF9551C2C240C00B49547 /* ORmethods.cpp */,
			);
			path = "Customer Detection";
			sourceTree = "<group>";
		};
/* End PBXGroup section */

/* Begin PBXNativeTarget section */
		FE8465371C23440D00274A19 /* Customer Detection */ = {
			isa = PBXNativeTarget;
			buildConfigurationList = FE84653F1C23440D00274A19 /* Build configuration list for PBXNativeTarget "Customer Detection" */;
			buildPhases = (
				FE8465341C23440D00274A19 /* Sources */,
				FE8465351C23440D00274A19 /* Frameworks */,
				FE8465361C23440D00274A19 /* CopyFiles */,
			);
			buildRules = (
			);
			dependencies = (
			);
			name = "Customer Detection";
			productName = "Customer Detection";
			productReference = FE8465381C23440D00274A19 /* Customer Detection */;
			productType = "com.apple.product-type.tool";
		};
/* End PBXNativeTarget section */

/* Begin PBXProject section */
		FE8465301C23440D00274A19 /* Project object */ = {
			isa = PBXProject;
			attributes = {
				LastUpgradeCheck = 0720;
				ORGANIZATIONNAME = Rurouni;
				TargetAttributes = {
					FE8465371C23440D00274A19 = {
						CreatedOnToolsVersion = 7.2;
					};
				};
			};
			buildConfigurationList = FE8465331C23440D00274A19 /* Build configuration list for PBXProject "Customer Detection" */;
			compatibilityVersion = "Xcode 3.2";
			developmentRegion = English;
			hasScannedForEncodings = 0;
			knownRegions = (
				en,
			);
			mainGroup = FE84652F1C23440D00274A19;
			productRefGroup = FE8465391C23440D00274A19 /* Products */;
			projectDirPath = "";
			projectRoot = "";
			targets = (
				FE8465371C23440D00274A19 /* Customer Detection */,
			);
		};
/* End PBXProject section */

/* Begin PBXSourcesBuildPhase section */
		FE8465341C23440D00274A19 /* Sources */ = {
			isa = PBXSourcesBuildPhase;
			buildActionMask = 2147483647;
			files = (
				FE84653C1C23440D00274A19 /* main.cpp in Sources */,
				FE0EF9561C2C240C00B49547 /* ORmethods.cpp in Sources */,
			);
			runOnlyForDeploymentPostprocessing = 0;
		};
/* End PBXSourcesBuildPhase section */

/* Begin XCBuildConfiguration section */
		FE84653D1C23440D00274A19 /* Debug */ = {
			isa = XCBuildConfiguration;
			buildSettings = {
				ALWAYS_SEARCH_USER_PATHS = NO;
				CLANG_CXX_LANGUAGE_STANDARD = "gnu++0x";
				CLANG_CXX_LIBRARY = "libc++";
				CLANG_ENABLE_MODULES = YES;
				CLANG_ENABLE_OBJC_ARC = YES;
				CLANG_WARN_BOOL_CONVERSION = YES;
				CLANG_WARN_CONSTANT_CONVERSION = YES;
				CLANG_WARN_DIRECT_OBJC_ISA_USAGE = YES_ERROR;
				CLANG_WARN_EMPTY_BODY = YES;
				CLANG_WARN_ENUM_CONVERSION = YES;
				CLANG_WARN_INT_CONVERSION = YES;
				CLANG_WARN_OBJC_ROOT_CLASS = YES_ERROR;
				CLANG_WARN_UNREACHABLE_CODE = YES;
				CLANG_WARN__DUPLICATE_METHOD_MATCH = YES;
				CODE_SIGN_IDENTITY = "-";
				COPY_PHASE_STRIP = NO;
				DEBUG_INFORMATION_FORMAT = dwarf;
				ENABLE_STRICT_OBJC_MSGSEND = YES;
				ENABLE_TESTABILITY = YES;
				GCC_C_LANGUAGE_STANDARD = gnu99;
				GCC_DYNAMIC_NO_PIC = NO;
				GCC_NO_COMMON_BLOCKS = YES;
				GCC_OPTIMIZATION_LEVEL = 0;
				GCC_PREPROCESSOR_DEFINITIONS = (
					"DEBUG=1",
					"$(inherited)",
				);
				GCC_WARN_64_TO_32_BIT_CONVERSION = YES;
				GCC_WARN_ABOUT_RETURN_TYPE = YES_ERROR;
				GCC_WARN_UNDECLARED_SELECTOR = YES;
				GCC_WARN_UNINITIALIZED_AUTOS = YES_AGGRESSIVE;
				GCC_WARN_UNUSED_FUNCTION = YES;
				GCC_WARN_UNUSED_VARIABLE = YES;
				MACOSX_DEPLOYMENT_TARGET = 10.11;
				MTL_ENABLE_DEBUG_INFO = YES;
				ONLY_ACTIVE_ARCH = YES;
				SDKROOT = macosx;
			};
			name = Debug;
		};
		FE84653E1C23440D00274A19 /* Release */ = {
			isa = XCBuildConfiguration;
			buildSettings = {
				ALWAYS_SEARCH_USER_PATHS = NO;
				CLANG_CXX_LANGUAGE_STANDARD = "gnu++0x";
				CLANG_CXX_LIBRARY = "libc++";
				CLANG_ENABLE_MODULES = YES;
				CLANG_ENABLE_OBJC_ARC = YES;
				CLANG_WARN_BOOL_CONVERSION = YES;
				CLANG_WARN_CONSTANT_CONVERSION = YES;
				CLANG_WARN_DIRECT_OBJC_ISA_USAGE = YES_ERROR;
				CLANG_WARN_EMPTY_BODY = YES;
				CLANG_WARN_ENUM_CONVERSION = YES;
				CLANG_WARN_INT_CONVERSION = YES;
				CLANG_WARN_OBJC_ROOT_CLASS = YES_ERROR;
				CLANG_WARN_UNREACHABLE_CODE = YES;
				CLANG_WARN__DUPLICATE_METHOD_MATCH = YES;
				CODE_SIGN_IDENTITY = "-";
				COPY_PHASE_STRIP = NO;
				DEBUG_INFORMATION_FORMAT = "dwarf-with-dsym";
				ENABLE_NS_ASSERTIONS = NO;
				ENABLE_STRICT_OBJC_MSGSEND = YES;
				GCC_C_LANGUAGE_STANDARD = gnu99;
				GCC_NO_COMMON_BLOCKS = YES;
				GCC_WARN_64_TO_32_BIT_CONVERSION = YES;
				GCC_WARN_ABOUT_RETURN_TYPE = YES_ERROR;
				GCC_WARN_UNDECLARED_SELECTOR = YES;
				GCC_WARN_UNINITIALIZED_AUTOS = YES_AGGRESSIVE;
				GCC_WARN_UNUSED_FUNCTION = YES;
				GCC_WARN_UNUSED_VARIABLE = YES;
				MACOSX_DEPLOYMENT_TARGET = 10.11;
				MTL_ENABLE_DEBUG_INFO = NO;
				SDKROOT = macosx;
			};
			name = Release;
		};
		FE8465401C23440D00274A19 /* Debug */ = {
			isa = XCBuildConfiguration;
			buildSettings = {
				LIBRARY_SEARCH_PATHS = "/usr/local/lib\n";
				OTHER_LDFLAGS = (
					"-lopencv_calib3d",
					"-lopencv_core",
					"-lopencv_features2d",
					"-lopencv_flann",
					"-lopencv_highgui",
					"-lopencv_imgcodecs",
					"-lopencv_imgproc",
					"-lopencv_ml",
					"-lopencv_objdetect",
					"-lopencv_photo",
					"-lopencv_shape",
					"-lopencv_stitching",
					"-lopencv_superres",
					"-lopencv_ts",
					"-lopencv_video",
					"-lopencv_videoio",
					"-lopencv_videostab\n",
				);
				PRODUCT_NAME = "$(TARGET_NAME)";
				USER_HEADER_SEARCH_PATHS = /usr/local/include;
			};
			name = Debug;
		};
		FE8465411C23440D00274A19 /* Release */ = {
			isa = XCBuildConfiguration;
			buildSettings = {
				LIBRARY_SEARCH_PATHS = "/usr/local/lib\n";
				OTHER_LDFLAGS = (
					"-lopencv_calib3d",
					"-lopencv_core",
					"-lopencv_features2d",
					"-lopencv_flann",
					"-lopencv_highgui",
					"-lopencv_imgcodecs",
					"-lopencv_imgproc",
					"-lopencv_ml",
					"-lopencv_objdetect",
					"-lopencv_photo",
					"-lopencv_shape",
					"-lopencv_stitching",
					"-lopencv_superres",
					"-lopencv_ts",
					"-lopencv_video",
					"-lopencv_videoio",
					"-lopencv_videostab\n",
				);
				PRODUCT_NAME = "$(TARGET_NAME)";
				USER_HEADER_SEARCH_PATHS = /usr/local/include;
			};
			name = Release;
		};
/* End XCBuildConfiguration section */

/* Begin XCConfigurationList section */
		FE8465331C23440D00274A19 /* Build configuration list for PBXProject "Customer Detection" */ = {
			isa = XCConfigurationList;
			buildConfigurations = (
				FE84653D1C23440D00274A19 /* Debug */,
				FE84653E1C23440D00274A19 /* Release */,
			);
			defaultConfigurationIsVisible = 0;
			defaultConfigurationName = Release;
		};
		FE84653F1C23440D00274A19 /* Build configuration list for PBXNativeTarget "Customer Detection" */ = {
			isa = XCConfigurationList;
			buildConfigurations = (
				FE8465401C23440D00274A19 /* Debug */,
				FE8465411C23440D00274A19 /* Release */,
			);
			defaultConfigurationIsVisible = 0;
			defaultConfigurationName = Release;
		};
/* End XCConfigurationList section */
	};
	rootObject = FE8465301C23440D00274A19 /* Project object */;
}
